{
  "name": "in-the-node",
  "version": "0.0.5",
  "lockfileVersion": 1,
  "requires": true,
  "dependencies": {
    "jiife": {
      "version": "0.0.4",
      "resolved": "https://registry.npmjs.org/jiife/-/jiife-0.0.4.tgz",
      "integrity": "sha512-BubRxE1DCPN5rUXcdObEPncX23qJpCTZ6zolfqPS0rJTg+Vos9Lnt6rZqhXLHRbBvmNpqwFG1XA4LYEC3AEq4g==",
      "dev": true
    },
    "xtal-latx": {
      "version": "0.0.19",
      "resolved": "https://registry.npmjs.org/xtal-latx/-/xtal-latx-0.0.19.tgz",
      "integrity": "sha512-du7qdIhfXtiRvpwfBvYUhGIyYHzzSZulyfc6tvtMc4n8H8LsKMc0gXrJvP5LMvoKR9TOdIJvfqly1Rj3B3P+2Q=="
    }
  }
}
